
Microsoft Visual Studio Solution File, Format Version 12.00
# Visual Studio 15
VisualStudioVersion = 15.0.28010.2036
MinimumVisualStudioVersion = 10.0.40219.1
Project("{FAE04EC0-301F-11D3-BF4B-00C04F79EFBC}") = "ProductApps", "ProductApps\ProductApps.csproj", "{4639D24C-C270-4EFC-A0DA-F1B6AE5F6EA7}"
EndProject
Global
	GlobalSection(SolutionConfigurationPlatforms) = preSolution
		Debug|Any CPU = Debug|Any CPU
		Release|Any CPU = Release|Any CPU
	EndGlobalSection
	GlobalSection(ProjectConfigurationPlatforms) = postSolution
		{4639D24C-C270-4EFC-A0DA-F1B6AE5F6EA7}.Debug|Any CPU.ActiveCfg = Debug|Any CPU
		{4639D24C-C270-4EFC-A0DA-F1B6AE5F6EA7}.Debug|Any CPU.Build.0 = Debug|Any CPU
		{4639D24C-C270-4EFC-A0DA-F1B6AE5F6EA7}.Release|Any CPU.ActiveCfg = Release|Any CPU
		{4639D24C-C270-4EFC-A0DA-F1B6AE5F6EA7}.Release|Any CPU.Build.0 = Release|Any CPU
	EndGlobalSection
	GlobalSection(SolutionProperties) = preSolution
		HideSolutionNode = FALSE
	EndGlobalSection
	GlobalSection(ExtensibilityGlobals) = postSolution
		SolutionGuid = {2047F8EF-D17D-4746-8731-B415382F2068}
	EndGlobalSection
EndGlobal
